
Microsoft Visual Studio Solution File, Format Version 12.00
# Visual Studio Version 17
VisualStudioVersion = 17.10.35013.160
MinimumVisualStudioVersion = 10.0.40219.1
Project("{FAE04EC0-301F-11D3-BF4B-00C04F79EFBC}") = "practikod2", "ConsoleApp6\practikod2.csproj", "{57CBB292-769C-4CF4-845A-01A9EF2CED33}"
EndProject
Global
	GlobalSection(SolutionConfigurationPlatforms) = preSolution
		Debug|Any CPU = Debug|Any CPU
		Release|Any CPU = Release|Any CPU
	EndGlobalSection
	GlobalSection(ProjectConfigurationPlatforms) = postSolution
		{57CBB292-769C-4CF4-845A-01A9EF2CED33}.Debug|Any CPU.ActiveCfg = Debug|Any CPU
		{57CBB292-769C-4CF4-845A-01A9EF2CED33}.Debug|Any CPU.Build.0 = Debug|Any CPU
		{57CBB292-769C-4CF4-845A-01A9EF2CED33}.Release|Any CPU.ActiveCfg = Release|Any CPU
		{57CBB292-769C-4CF4-845A-01A9EF2CED33}.Release|Any CPU.Build.0 = Release|Any CPU
	EndGlobalSection
	GlobalSection(SolutionProperties) = preSolution
		HideSolutionNode = FALSE
	EndGlobalSection
	GlobalSection(ExtensibilityGlobals) = postSolution
		SolutionGuid = {1468B5B3-C910-4739-9F35-FD1669F1DADB}
	EndGlobalSection
EndGlobal
